
Microsoft Visual Studio Solution File, Format Version 12.00
# Visual Studio 14
VisualStudioVersion = 14.0.25123.0
MinimumVisualStudioVersion = 10.0.40219.1
Project("{FAE04EC0-301F-11D3-BF4B-00C04F79EFBC}") = "HelloXamarinForms.Droid", "HelloXamarinForms\HelloXamarinForms.Droid\HelloXamarinForms.Droid.csproj", "{2744C3AC-4CC3-431E-BA78-BA292CFB8612}"
EndProject
Project("{FAE04EC0-301F-11D3-BF4B-00C04F79EFBC}") = "HelloXamarinForms.iOS", "HelloXamarinForms\HelloXamarinForms.iOS\HelloXamarinForms.iOS.csproj", "{320460E1-9451-441C-8651-865CCCDBA4EE}"
EndProject
Project("{FAE04EC0-301F-11D3-BF4B-00C04F79EFBC}") = "HelloXamarinForms.UWP", "HelloXamarinForms\HelloXamarinForms.UWP\HelloXamarinForms.UWP.csproj", "{F10C0B0B-31F1-4DF2-B14A-F2E8BCE4A870}"
EndProject
Project("{FAE04EC0-301F-11D3-BF4B-00C04F79EFBC}") = "HelloXamarinForms", "HelloXamarinForms\HelloXamarinForms\HelloXamarinForms.csproj", "{4EFC4408-DB0C-4752-B560-9A7367F6ED9B}"
EndProject
Global
	GlobalSection(SolutionConfigurationPlatforms) = preSolution
		Ad-Hoc|Any CPU = Ad-Hoc|Any CPU
		Ad-Hoc|ARM = Ad-Hoc|ARM
		Ad-Hoc|iPhone = Ad-Hoc|iPhone
		Ad-Hoc|iPhoneSimulator = Ad-Hoc|iPhoneSimulator
		Ad-Hoc|x64 = Ad-Hoc|x64
		Ad-Hoc|x86 = Ad-Hoc|x86
		AppStore|Any CPU = AppStore|Any CPU
		AppStore|ARM = AppStore|ARM
		AppStore|iPhone = AppStore|iPhone
		AppStore|iPhoneSimulator = AppStore|iPhoneSimulator
		AppStore|x64 = AppStore|x64
		AppStore|x86 = AppStore|x86
		Debug|Any CPU = Debug|Any CPU
		Debug|ARM = Debug|ARM
		Debug|iPhone = Debug|iPhone
		Debug|iPhoneSimulator = Debug|iPhoneSimulator
		Debug|x64 = Debug|x64
		Debug|x86 = Debug|x86
		Release|Any CPU = Release|Any CPU
		Release|ARM = Release|ARM
		Release|iPhone = Release|iPhone
		Release|iPhoneSimulator = Release|iPhoneSimulator
		Release|x64 = Release|x64
		Release|x86 = Release|x86
	EndGlobalSection
	GlobalSection(ProjectConfigurationPlatforms) = postSolution
		{2744C3AC-4CC3-431E-BA78-BA292CFB8612}.Ad-Hoc|Any CPU.ActiveCfg = Release|Any CPU
		{2744C3AC-4CC3-431E-BA78-BA292CFB8612}.Ad-Hoc|Any CPU.Build.0 = Release|Any CPU
		{2744C3AC-4CC3-431E-BA78-BA292CFB8612}.Ad-Hoc|Any CPU.Deploy.0 = Release|Any CPU
		{2744C3AC-4CC3-431E-BA78-BA292CFB8612}.Ad-Hoc|ARM.ActiveCfg = Release|Any CPU
		{2744C3AC-4CC3-431E-BA78-BA292CFB8612}.Ad-Hoc|ARM.Build.0 = Release|Any CPU
		{2744C3AC-4CC3-431E-BA78-BA292CFB8612}.Ad-Hoc|ARM.Deploy.0 = Release|Any CPU
		{2744C3AC-4CC3-431E-BA78-BA292CFB8612}.Ad-Hoc|iPhone.ActiveCfg = Release|Any CPU
		{2744C3AC-4CC3-431E-BA78-BA292CFB8612}.Ad-Hoc|iPhone.Build.0 = Release|Any CPU
		{2744C3AC-4CC3-431E-BA78-BA292CFB8612}.Ad-Hoc|iPhone.Deploy.0 = Release|Any CPU
		{2744C3AC-4CC3-431E-BA78-BA292CFB8612}.Ad-Hoc|iPhoneSimulator.ActiveCfg = Release|Any CPU
		{2744C3AC-4CC3-431E-BA78-BA292CFB8612}.Ad-Hoc|iPhoneSimulator.Build.0 = Release|Any CPU
		{2744C3AC-4CC3-431E-BA78-BA292CFB8612}.Ad-Hoc|iPhoneSimulator.Deploy.0 = Release|Any CPU
		{2744C3AC-4CC3-431E-BA78-BA292CFB8612}.Ad-Hoc|x64.ActiveCfg = Release|Any CPU
		{2744C3AC-4CC3-431E-BA78-BA292CFB8612}.Ad-Hoc|x64.Build.0 = Release|Any CPU
		{2744C3AC-4CC3-431E-BA78-BA292CFB8612}.Ad-Hoc|x64.Deploy.0 = Release|Any CPU
		{2744C3AC-4CC3-431E-BA78-BA292CFB8612}.Ad-Hoc|x86.ActiveCfg = Release|Any CPU
		{2744C3AC-4CC3-431E-BA78-BA292CFB8612}.Ad-Hoc|x86.Build.0 = Release|Any CPU
		{2744C3AC-4CC3-431E-BA78-BA292CFB8612}.Ad-Hoc|x86.Deploy.0 = Release|Any CPU
		{2744C3AC-4CC3-431E-BA78-BA292CFB8612}.AppStore|Any CPU.ActiveCfg = Release|Any CPU
		{2744C3AC-4CC3-431E-BA78-BA292CFB8612}.AppStore|Any CPU.Build.0 = Release|Any CPU
		{2744C3AC-4CC3-431E-BA78-BA292CFB8612}.AppStore|Any CPU.Deploy.0 = Release|Any CPU
		{2744C3AC-4CC3-431E-BA78-BA292CFB8612}.AppStore|ARM.ActiveCfg = Release|Any CPU
		{2744C3AC-4CC3-431E-BA78-BA292CFB8612}.AppStore|ARM.Build.0 = Release|Any CPU
		{2744C3AC-4CC3-431E-BA78-BA292CFB8612}.AppStore|ARM.Deploy.0 = Release|Any CPU
		{2744C3AC-4CC3-431E-BA78-BA292CFB8612}.AppStore|iPhone.ActiveCfg = Release|Any CPU
		{2744C3AC-4CC3-431E-BA78-BA292CFB8612}.AppStore|iPhone.Build.0 = Release|Any CPU
		{2744C3AC-4CC3-431E-BA78-BA292CFB8612}.AppStore|iPhone.Deploy.0 = Release|Any CPU
		{2744C3AC-4CC3-431E-BA78-BA292CFB8612}.AppStore|iPhoneSimulator.ActiveCfg = Release|Any CPU
		{2744C3AC-4CC3-431E-BA78-BA292CFB8612}.AppStore|iPhoneSimulator.Build.0 = Release|Any CPU
		{2744C3AC-4CC3-431E-BA78-BA292CFB8612}.AppStore|iPhoneSimulator.Deploy.0 = Release|Any CPU
		{2744C3AC-4CC3-431E-BA78-BA292CFB8612}.AppStore|x64.ActiveCfg = Release|Any CPU
		{2744C3AC-4CC3-431E-BA78-BA292CFB8612}.AppStore|x64.Build.0 = Release|Any CPU
		{2744C3AC-4CC3-431E-BA78-BA292CFB8612}.AppStore|x64.Deploy.0 = Release|Any CPU
		{2744C3AC-4CC3-431E-BA78-BA292CFB8612}.AppStore|x86.ActiveCfg = Release|Any CPU
		{2744C3AC-4CC3-431E-BA78-BA292CFB8612}.AppStore|x86.Build.0 = Release|Any CPU
		{2744C3AC-4CC3-431E-BA78-BA292CFB8612}.AppStore|x86.Deploy.0 = Release|Any CPU
		{2744C3AC-4CC3-431E-BA78-BA292CFB8612}.Debug|Any CPU.ActiveCfg = Debug|Any CPU
		{2744C3AC-4CC3-431E-BA78-BA292CFB8612}.Debug|Any CPU.Build.0 = Debug|Any CPU
		{2744C3AC-4CC3-431E-BA78-BA292CFB8612}.Debug|Any CPU.Deploy.0 = Debug|Any CPU
		{2744C3AC-4CC3-431E-BA78-BA292CFB8612}.Debug|ARM.ActiveCfg = Debug|Any CPU
		{2744C3AC-4CC3-431E-BA78-BA292CFB8612}.Debug|ARM.Build.0 = Debug|Any CPU
		{2744C3AC-4CC3-431E-BA78-BA292CFB8612}.Debug|ARM.Deploy.0 = Debug|Any CPU
		{2744C3AC-4CC3-431E-BA78-BA292CFB8612}.Debug|iPhone.ActiveCfg = Debug|Any CPU
		{2744C3AC-4CC3-431E-BA78-BA292CFB8612}.Debug|iPhone.Build.0 = Debug|Any CPU
		{2744C3AC-4CC3-431E-BA78-BA292CFB8612}.Debug|iPhone.Deploy.0 = Debug|Any CPU
		{2744C3AC-4CC3-431E-BA78-BA292CFB8612}.Debug|iPhoneSimulator.ActiveCfg = Debug|Any CPU
		{2744C3AC-4CC3-431E-BA78-BA292CFB8612}.Debug|iPhoneSimulator.Build.0 = Debug|Any CPU
		{2744C3AC-4CC3-431E-BA78-BA292CFB8612}.Debug|iPhoneSimulator.Deploy.0 = Debug|Any CPU
		{2744C3AC-4CC3-431E-BA78-BA292CFB8612}.Debug|x64.ActiveCfg = Debug|Any CPU
		{2744C3AC-4CC3-431E-BA78-BA292CFB8612}.Debug|x64.Build.0 = Debug|Any CPU
		{2744C3AC-4CC3-431E-BA78-BA292CFB8612}.Debug|x64.Deploy.0 = Debug|Any CPU
		{2744C3AC-4CC3-431E-BA78-BA292CFB8612}.Debug|x86.ActiveCfg = Debug|Any CPU
		{2744C3AC-4CC3-431E-BA78-BA292CFB8612}.Debug|x86.Build.0 = Debug|Any CPU
		{2744C3AC-4CC3-431E-BA78-BA292CFB8612}.Debug|x86.Deploy.0 = Debug|Any CPU
		{2744C3AC-4CC3-431E-BA78-BA292CFB8612}.Release|Any CPU.ActiveCfg = Release|Any CPU
		{2744C3AC-4CC3-431E-BA78-BA292CFB8612}.Release|Any CPU.Build.0 = Release|Any CPU
		{2744C3AC-4CC3-431E-BA78-BA292CFB8612}.Release|Any CPU.Deploy.0 = Release|Any CPU
		{2744C3AC-4CC3-431E-BA78-BA292CFB8612}.Release|ARM.ActiveCfg = Release|Any CPU
		{2744C3AC-4CC3-431E-BA78-BA292CFB8612}.Release|ARM.Build.0 = Release|Any CPU
		{2744C3AC-4CC3-431E-BA78-BA292CFB8612}.Release|ARM.Deploy.0 = Release|Any CPU
		{2744C3AC-4CC3-431E-BA78-BA292CFB8612}.Release|iPhone.ActiveCfg = Release|Any CPU
		{2744C3AC-4CC3-431E-BA78-BA292CFB8612}.Release|iPhone.Build.0 = Release|Any CPU
		{2744C3AC-4CC3-431E-BA78-BA292CFB8612}.Release|iPhone.Deploy.0 = Release|Any CPU
		{2744C3AC-4CC3-431E-BA78-BA292CFB8612}.Release|iPhoneSimulator.ActiveCfg = Release|Any CPU
		{2744C3AC-4CC3-431E-BA78-BA292CFB8612}.Release|iPhoneSimulator.Build.0 = Release|Any CPU
		{2744C3AC-4CC3-431E-BA78-BA292CFB8612}.Release|iPhoneSimulator.Deploy.0 = Release|Any CPU
		{2744C3AC-4CC3-431E-BA78-BA292CFB8612}.Release|x64.ActiveCfg = Release|Any CPU
		{2744C3AC-4CC3-431E-BA78-BA292CFB8612}.Release|x64.Build.0 = Release|Any CPU
		{2744C3AC-4CC3-431E-BA78-BA292CFB8612}.Release|x64.Deploy.0 = Release|Any CPU
		{2744C3AC-4CC3-431E-BA78-BA292CFB8612}.Release|x86.ActiveCfg = Release|Any CPU
		{2744C3AC-4CC3-431E-BA78-BA292CFB8612}.Release|x86.Build.0 = Release|Any CPU
		{2744C3AC-4CC3-431E-BA78-BA292CFB8612}.Release|x86.Deploy.0 = Release|Any CPU
		{320460E1-9451-441C-8651-865CCCDBA4EE}.Ad-Hoc|Any CPU.ActiveCfg = Ad-Hoc|iPhone
		{320460E1-9451-441C-8651-865CCCDBA4EE}.Ad-Hoc|ARM.ActiveCfg = Ad-Hoc|iPhone
		{320460E1-9451-441C-8651-865CCCDBA4EE}.Ad-Hoc|iPhone.ActiveCfg = Ad-Hoc|iPhone
		{320460E1-9451-441C-8651-865CCCDBA4EE}.Ad-Hoc|iPhone.Build.0 = Ad-Hoc|iPhone
		{320460E1-9451-441C-8651-865CCCDBA4EE}.Ad-Hoc|iPhoneSimulator.ActiveCfg = Ad-Hoc|iPhoneSimulator
		{320460E1-9451-441C-8651-865CCCDBA4EE}.Ad-Hoc|iPhoneSimulator.Build.0 = Ad-Hoc|iPhoneSimulator
		{320460E1-9451-441C-8651-865CCCDBA4EE}.Ad-Hoc|x64.ActiveCfg = Ad-Hoc|iPhone
		{320460E1-9451-441C-8651-865CCCDBA4EE}.Ad-Hoc|x86.ActiveCfg = Ad-Hoc|iPhone
		{320460E1-9451-441C-8651-865CCCDBA4EE}.AppStore|Any CPU.ActiveCfg = AppStore|iPhone
		{320460E1-9451-441C-8651-865CCCDBA4EE}.AppStore|ARM.ActiveCfg = AppStore|iPhone
		{320460E1-9451-441C-8651-865CCCDBA4EE}.AppStore|iPhone.ActiveCfg = AppStore|iPhone
		{320460E1-9451-441C-8651-865CCCDBA4EE}.AppStore|iPhone.Build.0 = AppStore|iPhone
		{320460E1-9451-441C-8651-865CCCDBA4EE}.AppStore|iPhoneSimulator.ActiveCfg = AppStore|iPhoneSimulator
		{320460E1-9451-441C-8651-865CCCDBA4EE}.AppStore|iPhoneSimulator.Build.0 = AppStore|iPhoneSimulator
		{320460E1-9451-441C-8651-865CCCDBA4EE}.AppStore|x64.ActiveCfg = AppStore|iPhone
		{320460E1-9451-441C-8651-865CCCDBA4EE}.AppStore|x86.ActiveCfg = AppStore|iPhone
		{320460E1-9451-441C-8651-865CCCDBA4EE}.Debug|Any CPU.ActiveCfg = Debug|iPhone
		{320460E1-9451-441C-8651-865CCCDBA4EE}.Debug|ARM.ActiveCfg = Debug|iPhone
		{320460E1-9451-441C-8651-865CCCDBA4EE}.Debug|iPhone.ActiveCfg = Debug|iPhone
		{320460E1-9451-441C-8651-865CCCDBA4EE}.Debug|iPhone.Build.0 = Debug|iPhone
		{320460E1-9451-441C-8651-865CCCDBA4EE}.Debug|iPhoneSimulator.ActiveCfg = Debug|iPhoneSimulator
		{320460E1-9451-441C-8651-865CCCDBA4EE}.Debug|iPhoneSimulator.Build.0 = Debug|iPhoneSimulator
		{320460E1-9451-441C-8651-865CCCDBA4EE}.Debug|x64.ActiveCfg = Debug|iPhone
		{320460E1-9451-441C-8651-865CCCDBA4EE}.Debug|x86.ActiveCfg = Debug|iPhone
		{320460E1-9451-441C-8651-865CCCDBA4EE}.Release|Any CPU.ActiveCfg = Release|iPhone
		{320460E1-9451-441C-8651-865CCCDBA4EE}.Release|ARM.ActiveCfg = Release|iPhone
		{320460E1-9451-441C-8651-865CCCDBA4EE}.Release|iPhone.ActiveCfg = Release|iPhone
		{320460E1-9451-441C-8651-865CCCDBA4EE}.Release|iPhone.Build.0 = Release|iPhone
		{320460E1-9451-441C-8651-865CCCDBA4EE}.Release|iPhoneSimulator.ActiveCfg = Release|iPhoneSimulator
		{320460E1-9451-441C-8651-865CCCDBA4EE}.Release|iPhoneSimulator.Build.0 = Release|iPhoneSimulator
		{320460E1-9451-441C-8651-865CCCDBA4EE}.Release|x64.ActiveCfg = Release|iPhone
		{320460E1-9451-441C-8651-865CCCDBA4EE}.Release|x86.ActiveCfg = Release|iPhone
		{F10C0B0B-31F1-4DF2-B14A-F2E8BCE4A870}.Ad-Hoc|Any CPU.ActiveCfg = Release|x86
		{F10C0B0B-31F1-4DF2-B14A-F2E8BCE4A870}.Ad-Hoc|Any CPU.Build.0 = Release|x86
		{F10C0B0B-31F1-4DF2-B14A-F2E8BCE4A870}.Ad-Hoc|Any CPU.Deploy.0 = Release|x86
		{F10C0B0B-31F1-4DF2-B14A-F2E8BCE4A870}.Ad-Hoc|ARM.ActiveCfg = Release|ARM
		{F10C0B0B-31F1-4DF2-B14A-F2E8BCE4A870}.Ad-Hoc|ARM.Build.0 = Release|ARM
		{F10C0B0B-31F1-4DF2-B14A-F2E8BCE4A870}.Ad-Hoc|ARM.Deploy.0 = Release|ARM
		{F10C0B0B-31F1-4DF2-B14A-F2E8BCE4A870}.Ad-Hoc|iPhone.ActiveCfg = Release|x86
		{F10C0B0B-31F1-4DF2-B14A-F2E8BCE4A870}.Ad-Hoc|iPhone.Build.0 = Release|x86
		{F10C0B0B-31F1-4DF2-B14A-F2E8BCE4A870}.Ad-Hoc|iPhone.Deploy.0 = Release|x86
		{F10C0B0B-31F1-4DF2-B14A-F2E8BCE4A870}.Ad-Hoc|iPhoneSimulator.ActiveCfg = Release|x86
		{F10C0B0B-31F1-4DF2-B14A-F2E8BCE4A870}.Ad-Hoc|iPhoneSimulator.Build.0 = Release|x86
		{F10C0B0B-31F1-4DF2-B14A-F2E8BCE4A870}.Ad-Hoc|iPhoneSimulator.Deploy.0 = Release|x86
		{F10C0B0B-31F1-4DF2-B14A-F2E8BCE4A870}.Ad-Hoc|x64.ActiveCfg = Release|x64
		{F10C0B0B-31F1-4DF2-B14A-F2E8BCE4A870}.Ad-Hoc|x64.Build.0 = Release|x64
		{F10C0B0B-31F1-4DF2-B14A-F2E8BCE4A870}.Ad-Hoc|x64.Deploy.0 = Release|x64
		{F10C0B0B-31F1-4DF2-B14A-F2E8BCE4A870}.Ad-Hoc|x86.ActiveCfg = Release|x86
		{F10C0B0B-31F1-4DF2-B14A-F2E8BCE4A870}.Ad-Hoc|x86.Build.0 = Release|x86
		{F10C0B0B-31F1-4DF2-B14A-F2E8BCE4A870}.Ad-Hoc|x86.Deploy.0 = Release|x86
		{F10C0B0B-31F1-4DF2-B14A-F2E8BCE4A870}.AppStore|Any CPU.ActiveCfg = Release|x86
		{F10C0B0B-31F1-4DF2-B14A-F2E8BCE4A870}.AppStore|Any CPU.Build.0 = Release|x86
		{F10C0B0B-31F1-4DF2-B14A-F2E8BCE4A870}.AppStore|Any CPU.Deploy.0 = Release|x86
		{F10C0B0B-31F1-4DF2-B14A-F2E8BCE4A870}.AppStore|ARM.ActiveCfg = Release|ARM
		{F10C0B0B-31F1-4DF2-B14A-F2E8BCE4A870}.AppStore|ARM.Build.0 = Release|ARM
		{F10C0B0B-31F1-4DF2-B14A-F2E8BCE4A870}.AppStore|ARM.Deploy.0 = Release|ARM
		{F10C0B0B-31F1-4DF2-B14A-F2E8BCE4A870}.AppStore|iPhone.ActiveCfg = Release|x86
		{F10C0B0B-31F1-4DF2-B14A-F2E8BCE4A870}.AppStore|iPhone.Build.0 = Release|x86
		{F10C0B0B-31F1-4DF2-B14A-F2E8BCE4A870}.AppStore|iPhone.Deploy.0 = Release|x86
		{F10C0B0B-31F1-4DF2-B14A-F2E8BCE4A870}.AppStore|iPhoneSimulator.ActiveCfg = Release|x86
		{F10C0B0B-31F1-4DF2-B14A-F2E8BCE4A870}.AppStore|iPhoneSimulator.Build.0 = Release|x86
		{F10C0B0B-31F1-4DF2-B14A-F2E8BCE4A870}.AppStore|iPhoneSimulator.Deploy.0 = Release|x86
		{F10C0B0B-31F1-4DF2-B14A-F2E8BCE4A870}.AppStore|x64.ActiveCfg = Release|x64
		{F10C0B0B-31F1-4DF2-B14A-F2E8BCE4A870}.AppStore|x64.Build.0 = Release|x64
		{F10C0B0B-31F1-4DF2-B14A-F2E8BCE4A870}.AppStore|x64.Deploy.0 = Release|x64
		{F10C0B0B-31F1-4DF2-B14A-F2E8BCE4A870}.AppStore|x86.ActiveCfg = Release|x86
		{F10C0B0B-31F1-4DF2-B14A-F2E8BCE4A870}.AppStore|x86.Build.0 = Release|x86
		{F10C0B0B-31F1-4DF2-B14A-F2E8BCE4A870}.AppStore|x86.Deploy.0 = Release|x86
		{F10C0B0B-31F1-4DF2-B14A-F2E8BCE4A870}.Debug|Any CPU.ActiveCfg = Debug|x86
		{F10C0B0B-31F1-4DF2-B14A-F2E8BCE4A870}.Debug|ARM.ActiveCfg = Debug|ARM
		{F10C0B0B-31F1-4DF2-B14A-F2E8BCE4A870}.Debug|ARM.Build.0 = Debug|ARM
		{F10C0B0B-31F1-4DF2-B14A-F2E8BCE4A870}.Debug|ARM.Deploy.0 = Debug|ARM
		{F10C0B0B-31F1-4DF2-B14A-F2E8BCE4A870}.Debug|iPhone.ActiveCfg = Debug|x86
		{F10C0B0B-31F1-4DF2-B14A-F2E8BCE4A870}.Debug|iPhoneSimulator.ActiveCfg = Debug|x86
		{F10C0B0B-31F1-4DF2-B14A-F2E8BCE4A870}.Debug|x64.ActiveCfg = Debug|x64
		{F10C0B0B-31F1-4DF2-B14A-F2E8BCE4A870}.Debug|x64.Build.0 = Debug|x64
		{F10C0B0B-31F1-4DF2-B14A-F2E8BCE4A870}.Debug|x64.Deploy.0 = Debug|x64
		{F10C0B0B-31F1-4DF2-B14A-F2E8BCE4A870}.Debug|x86.ActiveCfg = Debug|x86
		{F10C0B0B-31F1-4DF2-B14A-F2E8BCE4A870}.Debug|x86.Build.0 = Debug|x86
		{F10C0B0B-31F1-4DF2-B14A-F2E8BCE4A870}.Debug|x86.Deploy.0 = Debug|x86
		{F10C0B0B-31F1-4DF2-B14A-F2E8BCE4A870}.Release|Any CPU.ActiveCfg = Release|x86
		{F10C0B0B-31F1-4DF2-B14A-F2E8BCE4A870}.Release|ARM.ActiveCfg = Release|ARM
		{F10C0B0B-31F1-4DF2-B14A-F2E8BCE4A870}.Release|ARM.Build.0 = Release|ARM
		{F10C0B0B-31F1-4DF2-B14A-F2E8BCE4A870}.Release|ARM.Deploy.0 = Release|ARM
		{F10C0B0B-31F1-4DF2-B14A-F2E8BCE4A870}.Release|iPhone.ActiveCfg = Release|x86
		{F10C0B0B-31F1-4DF2-B14A-F2E8BCE4A870}.Release|iPhoneSimulator.ActiveCfg = Release|x86
		{F10C0B0B-31F1-4DF2-B14A-F2E8BCE4A870}.Release|x64.ActiveCfg = Release|x64
		{F10C0B0B-31F1-4DF2-B14A-F2E8BCE4A870}.Release|x64.Build.0 = Release|x64
		{F10C0B0B-31F1-4DF2-B14A-F2E8BCE4A870}.Release|x64.Deploy.0 = Release|x64
		{F10C0B0B-31F1-4DF2-B14A-F2E8BCE4A870}.Release|x86.ActiveCfg = Release|x86
		{F10C0B0B-31F1-4DF2-B14A-F2E8BCE4A870}.Release|x86.Build.0 = Release|x86
		{F10C0B0B-31F1-4DF2-B14A-F2E8BCE4A870}.Release|x86.Deploy.0 = Release|x86
		{4EFC4408-DB0C-4752-B560-9A7367F6ED9B}.Ad-Hoc|Any CPU.ActiveCfg = Release|Any CPU
		{4EFC4408-DB0C-4752-B560-9A7367F6ED9B}.Ad-Hoc|Any CPU.Build.0 = Release|Any CPU
		{4EFC4408-DB0C-4752-B560-9A7367F6ED9B}.Ad-Hoc|ARM.ActiveCfg = Release|Any CPU
		{4EFC4408-DB0C-4752-B560-9A7367F6ED9B}.Ad-Hoc|ARM.Build.0 = Release|Any CPU
		{4EFC4408-DB0C-4752-B560-9A7367F6ED9B}.Ad-Hoc|iPhone.ActiveCfg = Release|Any CPU
		{4EFC4408-DB0C-4752-B560-9A7367F6ED9B}.Ad-Hoc|iPhone.Build.0 = Release|Any CPU
		{4EFC4408-DB0C-4752-B560-9A7367F6ED9B}.Ad-Hoc|iPhoneSimulator.ActiveCfg = Release|Any CPU
		{4EFC4408-DB0C-4752-B560-9A7367F6ED9B}.Ad-Hoc|iPhoneSimulator.Build.0 = Release|Any CPU
		{4EFC4408-DB0C-4752-B560-9A7367F6ED9B}.Ad-Hoc|x64.ActiveCfg = Release|Any CPU
		{4EFC4408-DB0C-4752-B560-9A7367F6ED9B}.Ad-Hoc|x64.Build.0 = Release|Any CPU
		{4EFC4408-DB0C-4752-B560-9A7367F6ED9B}.Ad-Hoc|x86.ActiveCfg = Release|Any CPU
		{4EFC4408-DB0C-4752-B560-9A7367F6ED9B}.Ad-Hoc|x86.Build.0 = Release|Any CPU
		{4EFC4408-DB0C-4752-B560-9A7367F6ED9B}.AppStore|Any CPU.ActiveCfg = Release|Any CPU
		{4EFC4408-DB0C-4752-B560-9A7367F6ED9B}.AppStore|Any CPU.Build.0 = Release|Any CPU
		{4EFC4408-DB0C-4752-B560-9A7367F6ED9B}.AppStore|ARM.ActiveCfg = Release|Any CPU
		{4EFC4408-DB0C-4752-B560-9A7367F6ED9B}.AppStore|ARM.Build.0 = Release|Any CPU
		{4EFC4408-DB0C-4752-B560-9A7367F6ED9B}.AppStore|iPhone.ActiveCfg = Release|Any CPU
		{4EFC4408-DB0C-4752-B560-9A7367F6ED9B}.AppStore|iPhone.Build.0 = Release|Any CPU
		{4EFC4408-DB0C-4752-B560-9A7367F6ED9B}.AppStore|iPhoneSimulator.ActiveCfg = Release|Any CPU
		{4EFC4408-DB0C-4752-B560-9A7367F6ED9B}.AppStore|iPhoneSimulator.Build.0 = Release|Any CPU
		{4EFC4408-DB0C-4752-B560-9A7367F6ED9B}.AppStore|x64.ActiveCfg = Release|Any CPU
		{4EFC4408-DB0C-4752-B560-9A7367F6ED9B}.AppStore|x64.Build.0 = Release|Any CPU
		{4EFC4408-DB0C-4752-B560-9A7367F6ED9B}.AppStore|x86.ActiveCfg = Release|Any CPU
		{4EFC4408-DB0C-4752-B560-9A7367F6ED9B}.AppStore|x86.Build.0 = Release|Any CPU
		{4EFC4408-DB0C-4752-B560-9A7367F6ED9B}.Debug|Any CPU.ActiveCfg = Debug|Any CPU
		{4EFC4408-DB0C-4752-B560-9A7367F6ED9B}.Debug|Any CPU.Build.0 = Debug|Any CPU
		{4EFC4408-DB0C-4752-B560-9A7367F6ED9B}.Debug|ARM.ActiveCfg = Debug|Any CPU
		{4EFC4408-DB0C-4752-B560-9A7367F6ED9B}.Debug|ARM.Build.0 = Debug|Any CPU
		{4EFC4408-DB0C-4752-B560-9A7367F6ED9B}.Debug|iPhone.ActiveCfg = Debug|Any CPU
		{4EFC4408-DB0C-4752-B560-9A7367F6ED9B}.Debug|iPhone.Build.0 = Debug|Any CPU
		{4EFC4408-DB0C-4752-B560-9A7367F6ED9B}.Debug|iPhoneSimulator.ActiveCfg = Debug|Any CPU
		{4EFC4408-DB0C-4752-B560-9A7367F6ED9B}.Debug|iPhoneSimulator.Build.0 = Debug|Any CPU
		{4EFC4408-DB0C-4752-B560-9A7367F6ED9B}.Debug|x64.ActiveCfg = Debug|Any CPU
		{4EFC4408-DB0C-4752-B560-9A7367F6ED9B}.Debug|x64.Build.0 = Debug|Any CPU
		{4EFC4408-DB0C-4752-B560-9A7367F6ED9B}.Debug|x86.ActiveCfg = Debug|Any CPU
		{4EFC4408-DB0C-4752-B560-9A7367F6ED9B}.Debug|x86.Build.0 = Debug|Any CPU
		{4EFC4408-DB0C-4752-B560-9A7367F6ED9B}.Release|Any CPU.ActiveCfg = Release|Any CPU
		{4EFC4408-DB0C-4752-B560-9A7367F6ED9B}.Release|Any CPU.Build.0 = Release|Any CPU
		{4EFC4408-DB0C-4752-B560-9A7367F6ED9B}.Release|ARM.ActiveCfg = Release|Any CPU
		{4EFC4408-DB0C-4752-B560-9A7367F6ED9B}.Release|ARM.Build.0 = Release|Any CPU
		{4EFC4408-DB0C-4752-B560-9A7367F6ED9B}.Release|iPhone.ActiveCfg = Release|Any CPU
		{4EFC4408-DB0C-4752-B560-9A7367F6ED9B}.Release|iPhone.Build.0 = Release|Any CPU
		{4EFC4408-DB0C-4752-B560-9A7367F6ED9B}.Release|iPhoneSimulator.ActiveCfg = Release|Any CPU
		{4EFC4408-DB0C-4752-B560-9A7367F6ED9B}.Release|iPhoneSimulator.Build.0 = Release|Any CPU
		{4EFC4408-DB0C-4752-B560-9A7367F6ED9B}.Release|x64.ActiveCfg = Release|Any CPU
		{4EFC4408-DB0C-4752-B560-9A7367F6ED9B}.Release|x64.Build.0 = Release|Any CPU
		{4EFC4408-DB0C-4752-B560-9A7367F6ED9B}.Release|x86.ActiveCfg = Release|Any CPU
		{4EFC4408-DB0C-4752-B560-9A7367F6ED9B}.Release|x86.Build.0 = Release|Any CPU
	EndGlobalSection
	GlobalSection(SolutionProperties) = preSolution
		HideSolutionNode = FALSE
	EndGlobalSection
EndGlobal
